
Microsoft Visual Studio Solution File, Format Version 12.00
# Visual Studio Version 17
VisualStudioVersion = 17.8.34511.84
MinimumVisualStudioVersion = 10.0.40219.1
Project("{FAE04EC0-301F-11D3-BF4B-00C04F79EFBC}") = "SistemaEventos", "SistemaEventos\SistemaEventos.csproj", "{54D6E27E-9715-423B-9882-E2A19B7CEB20}"
EndProject
Global
	GlobalSection(SolutionConfigurationPlatforms) = preSolution
		Debug|Any CPU = Debug|Any CPU
		Release|Any CPU = Release|Any CPU
	EndGlobalSection
	GlobalSection(ProjectConfigurationPlatforms) = postSolution
		{54D6E27E-9715-423B-9882-E2A19B7CEB20}.Debug|Any CPU.ActiveCfg = Debug|Any CPU
		{54D6E27E-9715-423B-9882-E2A19B7CEB20}.Debug|Any CPU.Build.0 = Debug|Any CPU
		{54D6E27E-9715-423B-9882-E2A19B7CEB20}.Release|Any CPU.ActiveCfg = Release|Any CPU
		{54D6E27E-9715-423B-9882-E2A19B7CEB20}.Release|Any CPU.Build.0 = Release|Any CPU
	EndGlobalSection
	GlobalSection(SolutionProperties) = preSolution
		HideSolutionNode = FALSE
	EndGlobalSection
	GlobalSection(ExtensibilityGlobals) = postSolution
		SolutionGuid = {5B8181F5-940F-404B-B2AA-511215AF29A6}
	EndGlobalSection
EndGlobal
